
Microsoft Visual Studio Solution File, Format Version 12.00
# Visual Studio Version 17
VisualStudioVersion = 17.10.35013.160
MinimumVisualStudioVersion = 10.0.40219.1
Project("{FAE04EC0-301F-11D3-BF4B-00C04F79EFBC}") = "AccesModifiersClassesBookLibrary", "AccesModifiersClassesBookLibrary.csproj", "{5F70B6D0-B41E-4294-A8F0-7EAE6F65D71E}"
EndProject
Global
	GlobalSection(SolutionConfigurationPlatforms) = preSolution
		Debug|Any CPU = Debug|Any CPU
		Release|Any CPU = Release|Any CPU
	EndGlobalSection
	GlobalSection(ProjectConfigurationPlatforms) = postSolution
		{5F70B6D0-B41E-4294-A8F0-7EAE6F65D71E}.Debug|Any CPU.ActiveCfg = Debug|Any CPU
		{5F70B6D0-B41E-4294-A8F0-7EAE6F65D71E}.Debug|Any CPU.Build.0 = Debug|Any CPU
		{5F70B6D0-B41E-4294-A8F0-7EAE6F65D71E}.Release|Any CPU.ActiveCfg = Release|Any CPU
		{5F70B6D0-B41E-4294-A8F0-7EAE6F65D71E}.Release|Any CPU.Build.0 = Release|Any CPU
	EndGlobalSection
	GlobalSection(SolutionProperties) = preSolution
		HideSolutionNode = FALSE
	EndGlobalSection
	GlobalSection(ExtensibilityGlobals) = postSolution
		SolutionGuid = {BFF6855C-8A6C-419E-B53D-0E19495C368C}
	EndGlobalSection
EndGlobal
